<Solution>
  <Project Path="../example/InvoiceExtract.Example/InvoiceExtract.Example.csproj" />
  <Project Path="../example/Ravelaso.UiPath.InvoiceExtract.Tests/Ravelaso.UiPath.InvoiceExtract.Tests.csproj" />
  <Project Path="Ravelaso.UiPath.InvoiceExtract.Core/Ravelaso.UiPath.InvoiceExtract.Core.csproj" />
  <Project Path="Ravelaso.UiPath.InvoiceExtract.Generators/Ravelaso.UiPath.InvoiceExtract.Generators.csproj" />
  <Project Path="Ravelaso.UiPath.InvoiceExtract.Packaging/Ravelaso.UiPath.InvoiceExtract.Packaging.csproj" />
</Solution>
